// !$*UTF8*$!
{
	archiveVersion = 1;
	classes = {
	};
	objectVersion = 51;
	objects = {

/* Begin PBXBuildFile section */
		06A79E4BFE2EDD2079948642 /* Pods_MySwiftTableApp_MySwiftTableAppUITests.framework in Frameworks */ = {isa = PBXBuildFile; fileRef = FD3D451F94DA64A4F1A3B530 /* Pods_MySwiftTableApp_MySwiftTableAppUITests.framework */; };
		5B85200725DB11E10066BB53 /* VKAPIWallResponse.swift in Sources */ = {isa = PBXBuildFile; fileRef = 5B85200625DB11E10066BB53 /* VKAPIWallResponse.swift */; };
		5B85200C25DC34D70066BB53 /* WallModel.swift in Sources */ = {isa = PBXBuildFile; fileRef = 5B85200B25DC34D70066BB53 /* WallModel.swift */; };
		5B852014260635000066BB53 /* VKAPIGroupsResponse.swift in Sources */ = {isa = PBXBuildFile; fileRef = 5B852013260635000066BB53 /* VKAPIGroupsResponse.swift */; };
		5B85201626077D260066BB53 /* WebImageView.swift in Sources */ = {isa = PBXBuildFile; fileRef = 5B85201526077D260066BB53 /* WebImageView.swift */; };
		5BCDAFBC25C6F61E004C1FF1 /* AppDelegate.swift in Sources */ = {isa = PBXBuildFile; fileRef = 5BCDAFBB25C6F61E004C1FF1 /* AppDelegate.swift */; };
		5BCDAFBE25C6F61E004C1FF1 /* SceneDelegate.swift in Sources */ = {isa = PBXBuildFile; fileRef = 5BCDAFBD25C6F61E004C1FF1 /* SceneDelegate.swift */; };
		5BCDAFC025C6F61E004C1FF1 /* HomeViewController.swift in Sources */ = {isa = PBXBuildFile; fileRef = 5BCDAFBF25C6F61E004C1FF1 /* HomeViewController.swift */; };
		5BCDAFC525C6F622004C1FF1 /* Assets.xcassets in Resources */ = {isa = PBXBuildFile; fileRef = 5BCDAFC425C6F622004C1FF1 /* Assets.xcassets */; };
		5BCDAFC825C6F622004C1FF1 /* LaunchScreen.storyboard in Resources */ = {isa = PBXBuildFile; fileRef = 5BCDAFC625C6F622004C1FF1 /* LaunchScreen.storyboard */; };
		5BCDAFD325C6F622004C1FF1 /* MySwiftTableAppTests.swift in Sources */ = {isa = PBXBuildFile; fileRef = 5BCDAFD225C6F622004C1FF1 /* MySwiftTableAppTests.swift */; };
		5BCDAFDE25C6F622004C1FF1 /* MySwiftTableAppUITests.swift in Sources */ = {isa = PBXBuildFile; fileRef = 5BCDAFDD25C6F622004C1FF1 /* MySwiftTableAppUITests.swift */; };
		5BCDAFEC25C6F692004C1FF1 /* ContentCell.swift in Sources */ = {isa = PBXBuildFile; fileRef = 5BCDAFEB25C6F692004C1FF1 /* ContentCell.swift */; };
		5BCDAFEE25C6F6DF004C1FF1 /* ContentCellContants.swift in Sources */ = {isa = PBXBuildFile; fileRef = 5BCDAFED25C6F6DF004C1FF1 /* ContentCellContants.swift */; };
		5BCDAFF025C6F712004C1FF1 /* Post.swift in Sources */ = {isa = PBXBuildFile; fileRef = 5BCDAFEF25C6F712004C1FF1 /* Post.swift */; };
		5BCDAFF325C6F7D3004C1FF1 /* NetworkManager.swift in Sources */ = {isa = PBXBuildFile; fileRef = 5BCDAFF225C6F7D3004C1FF1 /* NetworkManager.swift */; };
		5BCDAFFC25D020C8004C1FF1 /* AuthService.swift in Sources */ = {isa = PBXBuildFile; fileRef = 5BCDAFFB25D020C8004C1FF1 /* AuthService.swift */; };
		5BCDAFFE25D1D2CF004C1FF1 /* AuthViewController.swift in Sources */ = {isa = PBXBuildFile; fileRef = 5BCDAFFD25D1D2CF004C1FF1 /* AuthViewController.swift */; };
		5BCDB00025D3281E004C1FF1 /* VKicon48.png in Resources */ = {isa = PBXBuildFile; fileRef = 5BCDAFFF25D3281E004C1FF1 /* VKicon48.png */; };
		5BCDB00425D46A06004C1FF1 /* VKAPIManager.swift in Sources */ = {isa = PBXBuildFile; fileRef = 5BCDB00325D46A06004C1FF1 /* VKAPIManager.swift */; };
		8F9D53524F0089AE5A0DF12A /* Pods_MySwiftTableAppTests.framework in Frameworks */ = {isa = PBXBuildFile; fileRef = BDEF872B581A2E2AD13B26B4 /* Pods_MySwiftTableAppTests.framework */; };
		FC5F74A5B42A623EFCBF90A3 /* Pods_MySwiftTableApp.framework in Frameworks */ = {isa = PBXBuildFile; fileRef = EFE1E3030BDF3A92E39F6E7F /* Pods_MySwiftTableApp.framework */; };
/* End PBXBuildFile section */

/* Begin PBXContainerItemProxy section */
		5BCDAFCF25C6F622004C1FF1 /* PBXContainerItemProxy */ = {
			isa = PBXContainerItemProxy;
			containerPortal = 5BCDAFB025C6F61E004C1FF1 /* Project object */;
			proxyType = 1;
			remoteGlobalIDString = 5BCDAFB725C6F61E004C1FF1;
			remoteInfo = MySwiftTableApp;
		};
		5BCDAFDA25C6F622004C1FF1 /* PBXContainerItemProxy */ = {
			isa = PBXContainerItemProxy;
			containerPortal = 5BCDAFB025C6F61E004C1FF1 /* Project object */;
			proxyType = 1;
			remoteGlobalIDString = 5BCDAFB725C6F61E004C1FF1;
			remoteInfo = MySwiftTableApp;
		};
/* End PBXContainerItemProxy section */

/* Begin PBXFileReference section */
		294DA2E2AC98811C67E9FCBC /* Pods-MySwiftTableAppTests.debug.xcconfig */ = {isa = PBXFileReference; includeInIndex = 1; lastKnownFileType = text.xcconfig; name = "Pods-MySwiftTableAppTests.debug.xcconfig"; path = "Target Support Files/Pods-MySwiftTableAppTests/Pods-MySwiftTableAppTests.debug.xcconfig"; sourceTree = "<group>"; };
		5B85200625DB11E10066BB53 /* VKAPIWallResponse.swift */ = {isa = PBXFileReference; lastKnownFileType = sourcecode.swift; path = VKAPIWallResponse.swift; sourceTree = "<group>"; };
		5B85200B25DC34D70066BB53 /* WallModel.swift */ = {isa = PBXFileReference; lastKnownFileType = sourcecode.swift; path = WallModel.swift; sourceTree = "<group>"; };
		5B852013260635000066BB53 /* VKAPIGroupsResponse.swift */ = {isa = PBXFileReference; lastKnownFileType = sourcecode.swift; path = VKAPIGroupsResponse.swift; sourceTree = "<group>"; };
		5B85201526077D260066BB53 /* WebImageView.swift */ = {isa = PBXFileReference; lastKnownFileType = sourcecode.swift; path = WebImageView.swift; sourceTree = "<group>"; };
		5BCDAFB825C6F61E004C1FF1 /* MySwiftTableApp.app */ = {isa = PBXFileReference; explicitFileType = wrapper.application; includeInIndex = 0; path = MySwiftTableApp.app; sourceTree = BUILT_PRODUCTS_DIR; };
		5BCDAFBB25C6F61E004C1FF1 /* AppDelegate.swift */ = {isa = PBXFileReference; lastKnownFileType = sourcecode.swift; path = AppDelegate.swift; sourceTree = "<group>"; };
		5BCDAFBD25C6F61E004C1FF1 /* SceneDelegate.swift */ = {isa = PBXFileReference; lastKnownFileType = sourcecode.swift; path = SceneDelegate.swift; sourceTree = "<group>"; };
		5BCDAFBF25C6F61E004C1FF1 /* HomeViewController.swift */ = {isa = PBXFileReference; lastKnownFileType = sourcecode.swift; path = HomeViewController.swift; sourceTree = "<group>"; };
		5BCDAFC425C6F622004C1FF1 /* Assets.xcassets */ = {isa = PBXFileReference; lastKnownFileType = folder.assetcatalog; path = Assets.xcassets; sourceTree = "<group>"; };
		5BCDAFC725C6F622004C1FF1 /* Base */ = {isa = PBXFileReference; lastKnownFileType = file.storyboard; name = Base; path = Base.lproj/LaunchScreen.storyboard; sourceTree = "<group>"; };
		5BCDAFC925C6F622004C1FF1 /* Info.plist */ = {isa = PBXFileReference; lastKnownFileType = text.plist.xml; path = Info.plist; sourceTree = "<group>"; };
		5BCDAFCE25C6F622004C1FF1 /* MySwiftTableAppTests.xctest */ = {isa = PBXFileReference; explicitFileType = wrapper.cfbundle; includeInIndex = 0; path = MySwiftTableAppTests.xctest; sourceTree = BUILT_PRODUCTS_DIR; };
		5BCDAFD225C6F622004C1FF1 /* MySwiftTableAppTests.swift */ = {isa = PBXFileReference; lastKnownFileType = sourcecode.swift; path = MySwiftTableAppTests.swift; sourceTree = "<group>"; };
		5BCDAFD425C6F622004C1FF1 /* Info.plist */ = {isa = PBXFileReference; lastKnownFileType = text.plist.xml; path = Info.plist; sourceTree = "<group>"; };
		5BCDAFD925C6F622004C1FF1 /* MySwiftTableAppUITests.xctest */ = {isa = PBXFileReference; explicitFileType = wrapper.cfbundle; includeInIndex = 0; path = MySwiftTableAppUITests.xctest; sourceTree = BUILT_PRODUCTS_DIR; };
		5BCDAFDD25C6F622004C1FF1 /* MySwiftTableAppUITests.swift */ = {isa = PBXFileReference; lastKnownFileType = sourcecode.swift; path = MySwiftTableAppUITests.swift; sourceTree = "<group>"; };
		5BCDAFDF25C6F622004C1FF1 /* Info.plist */ = {isa = PBXFileReference; lastKnownFileType = text.plist.xml; path = Info.plist; sourceTree = "<group>"; };
		5BCDAFEB25C6F692004C1FF1 /* ContentCell.swift */ = {isa = PBXFileReference; lastKnownFileType = sourcecode.swift; path = ContentCell.swift; sourceTree = "<group>"; };
		5BCDAFED25C6F6DF004C1FF1 /* ContentCellContants.swift */ = {isa = PBXFileReference; lastKnownFileType = sourcecode.swift; path = ContentCellContants.swift; sourceTree = "<group>"; };
		5BCDAFEF25C6F712004C1FF1 /* Post.swift */ = {isa = PBXFileReference; lastKnownFileType = sourcecode.swift; path = Post.swift; sourceTree = "<group>"; };
		5BCDAFF225C6F7D3004C1FF1 /* NetworkManager.swift */ = {isa = PBXFileReference; lastKnownFileType = sourcecode.swift; path = NetworkManager.swift; sourceTree = "<group>"; };
		5BCDAFFB25D020C8004C1FF1 /* AuthService.swift */ = {isa = PBXFileReference; lastKnownFileType = sourcecode.swift; path = AuthService.swift; sourceTree = "<group>"; };
		5BCDAFFD25D1D2CF004C1FF1 /* AuthViewController.swift */ = {isa = PBXFileReference; lastKnownFileType = sourcecode.swift; path = AuthViewController.swift; sourceTree = "<group>"; };
		5BCDAFFF25D3281E004C1FF1 /* VKicon48.png */ = {isa = PBXFileReference; lastKnownFileType = image.png; path = VKicon48.png; sourceTree = "<group>"; };
		5BCDB00325D46A06004C1FF1 /* VKAPIManager.swift */ = {isa = PBXFileReference; lastKnownFileType = sourcecode.swift; path = VKAPIManager.swift; sourceTree = "<group>"; };
		60894597C5E58417C1B06AF2 /* Pods-MySwiftTableAppTests.release.xcconfig */ = {isa = PBXFileReference; includeInIndex = 1; lastKnownFileType = text.xcconfig; name = "Pods-MySwiftTableAppTests.release.xcconfig"; path = "Target Support Files/Pods-MySwiftTableAppTests/Pods-MySwiftTableAppTests.release.xcconfig"; sourceTree = "<group>"; };
		8875F5B478D7BD14C31B5055 /* Pods-MySwiftTableApp.release.xcconfig */ = {isa = PBXFileReference; includeInIndex = 1; lastKnownFileType = text.xcconfig; name = "Pods-MySwiftTableApp.release.xcconfig"; path = "Target Support Files/Pods-MySwiftTableApp/Pods-MySwiftTableApp.release.xcconfig"; sourceTree = "<group>"; };
		9E8CF3685DF27D8FFF07C1DF /* Pods-MySwiftTableApp.debug.xcconfig */ = {isa = PBXFileReference; includeInIndex = 1; lastKnownFileType = text.xcconfig; name = "Pods-MySwiftTableApp.debug.xcconfig"; path = "Target Support Files/Pods-MySwiftTableApp/Pods-MySwiftTableApp.debug.xcconfig"; sourceTree = "<group>"; };
		9EA36EBBF194F82C191AE9B7 /* Pods-MySwiftTableApp-MySwiftTableAppUITests.release.xcconfig */ = {isa = PBXFileReference; includeInIndex = 1; lastKnownFileType = text.xcconfig; name = "Pods-MySwiftTableApp-MySwiftTableAppUITests.release.xcconfig"; path = "Target Support Files/Pods-MySwiftTableApp-MySwiftTableAppUITests/Pods-MySwiftTableApp-MySwiftTableAppUITests.release.xcconfig"; sourceTree = "<group>"; };
		BDEF872B581A2E2AD13B26B4 /* Pods_MySwiftTableAppTests.framework */ = {isa = PBXFileReference; explicitFileType = wrapper.framework; includeInIndex = 0; path = Pods_MySwiftTableAppTests.framework; sourceTree = BUILT_PRODUCTS_DIR; };
		C71314A0A19CEC6873FEC4AD /* Pods-MySwiftTableApp-MySwiftTableAppUITests.debug.xcconfig */ = {isa = PBXFileReference; includeInIndex = 1; lastKnownFileType = text.xcconfig; name = "Pods-MySwiftTableApp-MySwiftTableAppUITests.debug.xcconfig"; path = "Target Support Files/Pods-MySwiftTableApp-MySwiftTableAppUITests/Pods-MySwiftTableApp-MySwiftTableAppUITests.debug.xcconfig"; sourceTree = "<group>"; };
		EFE1E3030BDF3A92E39F6E7F /* Pods_MySwiftTableApp.framework */ = {isa = PBXFileReference; explicitFileType = wrapper.framework; includeInIndex = 0; path = Pods_MySwiftTableApp.framework; sourceTree = BUILT_PRODUCTS_DIR; };
		FD3D451F94DA64A4F1A3B530 /* Pods_MySwiftTableApp_MySwiftTableAppUITests.framework */ = {isa = PBXFileReference; explicitFileType = wrapper.framework; includeInIndex = 0; path = Pods_MySwiftTableApp_MySwiftTableAppUITests.framework; sourceTree = BUILT_PRODUCTS_DIR; };
/* End PBXFileReference section */

/* Begin PBXFrameworksBuildPhase section */
		5BCDAFB525C6F61E004C1FF1 /* Frameworks */ = {
			isa = PBXFrameworksBuildPhase;
			buildActionMask = 2147483647;
			files = (
				FC5F74A5B42A623EFCBF90A3 /* Pods_MySwiftTableApp.framework in Frameworks */,
			);
			runOnlyForDeploymentPostprocessing = 0;
		};
		5BCDAFCB25C6F622004C1FF1 /* Frameworks */ = {
			isa = PBXFrameworksBuildPhase;
			buildActionMask = 2147483647;
			files = (
				8F9D53524F0089AE5A0DF12A /* Pods_MySwiftTableAppTests.framework in Frameworks */,
			);
			runOnlyForDeploymentPostprocessing = 0;
		};
		5BCDAFD625C6F622004C1FF1 /* Frameworks */ = {
			isa = PBXFrameworksBuildPhase;
			buildActionMask = 2147483647;
			files = (
				06A79E4BFE2EDD2079948642 /* Pods_MySwiftTableApp_MySwiftTableAppUITests.framework in Frameworks */,
			);
			runOnlyForDeploymentPostprocessing = 0;
		};
/* End PBXFrameworksBuildPhase section */

/* Begin PBXGroup section */
		03389981633B32F1FD45A7AC /* Frameworks */ = {
			isa = PBXGroup;
			children = (
				EFE1E3030BDF3A92E39F6E7F /* Pods_MySwiftTableApp.framework */,
				FD3D451F94DA64A4F1A3B530 /* Pods_MySwiftTableApp_MySwiftTableAppUITests.framework */,
				BDEF872B581A2E2AD13B26B4 /* Pods_MySwiftTableAppTests.framework */,
			);
			name = Frameworks;
			sourceTree = "<group>";
		};
		5B85200825DC340A0066BB53 /* Model */ = {
			isa = PBXGroup;
			children = (
				5BCDAFEF25C6F712004C1FF1 /* Post.swift */,
				5B85200B25DC34D70066BB53 /* WallModel.swift */,
				5B85200625DB11E10066BB53 /* VKAPIWallResponse.swift */,
				5B852013260635000066BB53 /* VKAPIGroupsResponse.swift */,
			);
			path = Model;
			sourceTree = "<group>";
		};
		5B85200D25EBBEEE0066BB53 /* View */ = {
			isa = PBXGroup;
			children = (
				5BCDAFEB25C6F692004C1FF1 /* ContentCell.swift */,
			);
			path = View;
			sourceTree = "<group>";
		};
		5B85200E25EBBF0A0066BB53 /* Controller */ = {
			isa = PBXGroup;
			children = (
				5BCDAFBF25C6F61E004C1FF1 /* HomeViewController.swift */,
				5BCDAFFD25D1D2CF004C1FF1 /* AuthViewController.swift */,
			);
			path = Controller;
			sourceTree = "<group>";
		};
		5BCDAFAF25C6F61E004C1FF1 = {
			isa = PBXGroup;
			children = (
				5BCDAFBA25C6F61E004C1FF1 /* MySwiftTableApp */,
				5BCDAFD125C6F622004C1FF1 /* MySwiftTableAppTests */,
				5BCDAFDC25C6F622004C1FF1 /* MySwiftTableAppUITests */,
				5BCDAFB925C6F61E004C1FF1 /* Products */,
				8617117D130BA2FBAE388699 /* Pods */,
				03389981633B32F1FD45A7AC /* Frameworks */,
			);
			sourceTree = "<group>";
		};
		5BCDAFB925C6F61E004C1FF1 /* Products */ = {
			isa = PBXGroup;
			children = (
				5BCDAFB825C6F61E004C1FF1 /* MySwiftTableApp.app */,
				5BCDAFCE25C6F622004C1FF1 /* MySwiftTableAppTests.xctest */,
				5BCDAFD925C6F622004C1FF1 /* MySwiftTableAppUITests.xctest */,
			);
			name = Products;
			sourceTree = "<group>";
		};
		5BCDAFBA25C6F61E004C1FF1 /* MySwiftTableApp */ = {
			isa = PBXGroup;
			children = (
				5B85200825DC340A0066BB53 /* Model */,
				5B85200D25EBBEEE0066BB53 /* View */,
				5B85200E25EBBF0A0066BB53 /* Controller */,
				5BCDAFF125C6F7C0004C1FF1 /* Network */,
				5BCDAFBB25C6F61E004C1FF1 /* AppDelegate.swift */,
				5BCDAFBD25C6F61E004C1FF1 /* SceneDelegate.swift */,
				5BCDAFED25C6F6DF004C1FF1 /* ContentCellContants.swift */,
				5BCDAFC425C6F622004C1FF1 /* Assets.xcassets */,
				5BCDAFC625C6F622004C1FF1 /* LaunchScreen.storyboard */,
				5BCDAFC925C6F622004C1FF1 /* Info.plist */,
				5BCDAFF425C6F865004C1FF1 /* images */,
				5B85201526077D260066BB53 /* WebImageView.swift */,
			);
			path = MySwiftTableApp;
			sourceTree = "<group>";
		};
		5BCDAFD125C6F622004C1FF1 /* MySwiftTableAppTests */ = {
			isa = PBXGroup;
			children = (
				5BCDAFD225C6F622004C1FF1 /* MySwiftTableAppTests.swift */,
				5BCDAFD425C6F622004C1FF1 /* Info.plist */,
			);
			path = MySwiftTableAppTests;
			sourceTree = "<group>";
		};
		5BCDAFDC25C6F622004C1FF1 /* MySwiftTableAppUITests */ = {
			isa = PBXGroup;
			children = (
				5BCDAFDD25C6F622004C1FF1 /* MySwiftTableAppUITests.swift */,
				5BCDAFDF25C6F622004C1FF1 /* Info.plist */,
			);
			path = MySwiftTableAppUITests;
			sourceTree = "<group>";
		};
		5BCDAFF125C6F7C0004C1FF1 /* Network */ = {
			isa = PBXGroup;
			children = (
				5BCDAFFB25D020C8004C1FF1 /* AuthService.swift */,
				5BCDAFF225C6F7D3004C1FF1 /* NetworkManager.swift */,
				5BCDB00325D46A06004C1FF1 /* VKAPIManager.swift */,
			);
			path = Network;
			sourceTree = "<group>";
		};
		5BCDAFF425C6F865004C1FF1 /* images */ = {
			isa = PBXGroup;
			children = (
				5BCDAFFF25D3281E004C1FF1 /* VKicon48.png */,
			);
			path = images;
			sourceTree = SOURCE_ROOT;
		};
		8617117D130BA2FBAE388699 /* Pods */ = {
			isa = PBXGroup;
			children = (
				9E8CF3685DF27D8FFF07C1DF /* Pods-MySwiftTableApp.debug.xcconfig */,
				8875F5B478D7BD14C31B5055 /* Pods-MySwiftTableApp.release.xcconfig */,
				C71314A0A19CEC6873FEC4AD /* Pods-MySwiftTableApp-MySwiftTableAppUITests.debug.xcconfig */,
				9EA36EBBF194F82C191AE9B7 /* Pods-MySwiftTableApp-MySwiftTableAppUITests.release.xcconfig */,
				294DA2E2AC98811C67E9FCBC /* Pods-MySwiftTableAppTests.debug.xcconfig */,
				60894597C5E58417C1B06AF2 /* Pods-MySwiftTableAppTests.release.xcconfig */,
			);
			path = Pods;
			sourceTree = "<group>";
		};
/* End PBXGroup section */

/* Begin PBXNativeTarget section */
		5BCDAFB725C6F61E004C1FF1 /* MySwiftTableApp */ = {
			isa = PBXNativeTarget;
			buildConfigurationList = 5BCDAFE225C6F622004C1FF1 /* Build configuration list for PBXNativeTarget "MySwiftTableApp" */;
			buildPhases = (
				EA176744DAC4BF8C1041BCBF /* [CP] Check Pods Manifest.lock */,
				5BCDAFB425C6F61E004C1FF1 /* Sources */,
				5BCDAFB525C6F61E004C1FF1 /* Frameworks */,
				5BCDAFB625C6F61E004C1FF1 /* Resources */,
				BE445F68FDD8F9623248655F /* [CP] Embed Pods Frameworks */,
			);
			buildRules = (
			);
			dependencies = (
			);
			name = MySwiftTableApp;
			productName = MySwiftTableApp;
			productReference = 5BCDAFB825C6F61E004C1FF1 /* MySwiftTableApp.app */;
			productType = "com.apple.product-type.application";
		};
		5BCDAFCD25C6F622004C1FF1 /* MySwiftTableAppTests */ = {
			isa = PBXNativeTarget;
			buildConfigurationList = 5BCDAFE525C6F622004C1FF1 /* Build configuration list for PBXNativeTarget "MySwiftTableAppTests" */;
			buildPhases = (
				1263F8B07D8DB58293389D27 /* [CP] Check Pods Manifest.lock */,
				5BCDAFCA25C6F622004C1FF1 /* Sources */,
				5BCDAFCB25C6F622004C1FF1 /* Frameworks */,
				5BCDAFCC25C6F622004C1FF1 /* Resources */,
			);
			buildRules = (
			);
			dependencies = (
				5BCDAFD025C6F622004C1FF1 /* PBXTargetDependency */,
			);
			name = MySwiftTableAppTests;
			productName = MySwiftTableAppTests;
			productReference = 5BCDAFCE25C6F622004C1FF1 /* MySwiftTableAppTests.xctest */;
			productType = "com.apple.product-type.bundle.unit-test";
		};
		5BCDAFD825C6F622004C1FF1 /* MySwiftTableAppUITests */ = {
			isa = PBXNativeTarget;
			buildConfigurationList = 5BCDAFE825C6F622004C1FF1 /* Build configuration list for PBXNativeTarget "MySwiftTableAppUITests" */;
			buildPhases = (
				B2B5E55D34BD6FC14AB26390 /* [CP] Check Pods Manifest.lock */,
				5BCDAFD525C6F622004C1FF1 /* Sources */,
				5BCDAFD625C6F622004C1FF1 /* Frameworks */,
				5BCDAFD725C6F622004C1FF1 /* Resources */,
				D7A672C9A85A1712FCC73667 /* [CP] Embed Pods Frameworks */,
			);
			buildRules = (
			);
			dependencies = (
				5BCDAFDB25C6F622004C1FF1 /* PBXTargetDependency */,
			);
			name = MySwiftTableAppUITests;
			productName = MySwiftTableAppUITests;
			productReference = 5BCDAFD925C6F622004C1FF1 /* MySwiftTableAppUITests.xctest */;
			productType = "com.apple.product-type.bundle.ui-testing";
		};
/* End PBXNativeTarget section */

/* Begin PBXProject section */
		5BCDAFB025C6F61E004C1FF1 /* Project object */ = {
			isa = PBXProject;
			attributes = {
				LastSwiftUpdateCheck = 1160;
				LastUpgradeCheck = 1160;
				ORGANIZATIONNAME = "Алексей";
				TargetAttributes = {
					5BCDAFB725C6F61E004C1FF1 = {
						CreatedOnToolsVersion = 11.6;
					};
					5BCDAFCD25C6F622004C1FF1 = {
						CreatedOnToolsVersion = 11.6;
						TestTargetID = 5BCDAFB725C6F61E004C1FF1;
					};
					5BCDAFD825C6F622004C1FF1 = {
						CreatedOnToolsVersion = 11.6;
						TestTargetID = 5BCDAFB725C6F61E004C1FF1;
					};
				};
			};
			buildConfigurationList = 5BCDAFB325C6F61E004C1FF1 /* Build configuration list for PBXProject "MySwiftTableApp" */;
			compatibilityVersion = "Xcode 9.3";
			developmentRegion = en;
			hasScannedForEncodings = 0;
			knownRegions = (
				en,
				Base,
			);
			mainGroup = 5BCDAFAF25C6F61E004C1FF1;
			productRefGroup = 5BCDAFB925C6F61E004C1FF1 /* Products */;
			projectDirPath = "";
			projectRoot = "";
			targets = (
				5BCDAFB725C6F61E004C1FF1 /* MySwiftTableApp */,
				5BCDAFCD25C6F622004C1FF1 /* MySwiftTableAppTests */,
				5BCDAFD825C6F622004C1FF1 /* MySwiftTableAppUITests */,
			);
		};
/* End PBXProject section */

/* Begin PBXResourcesBuildPhase section */
		5BCDAFB625C6F61E004C1FF1 /* Resources */ = {
			isa = PBXResourcesBuildPhase;
			buildActionMask = 2147483647;
			files = (
				5BCDAFC825C6F622004C1FF1 /* LaunchScreen.storyboard in Resources */,
				5BCDB00025D3281E004C1FF1 /* VKicon48.png in Resources */,
				5BCDAFC525C6F622004C1FF1 /* Assets.xcassets in Resources */,
			);
			runOnlyForDeploymentPostprocessing = 0;
		};
		5BCDAFCC25C6F622004C1FF1 /* Resources */ = {
			isa = PBXResourcesBuildPhase;
			buildActionMask = 2147483647;
			files = (
			);
			runOnlyForDeploymentPostprocessing = 0;
		};
		5BCDAFD725C6F622004C1FF1 /* Resources */ = {
			isa = PBXResourcesBuildPhase;
			buildActionMask = 2147483647;
			files = (
			);
			runOnlyForDeploymentPostprocessing = 0;
		};
/* End PBXResourcesBuildPhase section */

/* Begin PBXShellScriptBuildPhase section */
		1263F8B07D8DB58293389D27 /* [CP] Check Pods Manifest.lock */ = {
			isa = PBXShellScriptBuildPhase;
			buildActionMask = 2147483647;
			files = (
			);
			inputFileListPaths = (
			);
			inputPaths = (
				"${PODS_PODFILE_DIR_PATH}/Podfile.lock",
				"${PODS_ROOT}/Manifest.lock",
			);
			name = "[CP] Check Pods Manifest.lock";
			outputFileListPaths = (
			);
			outputPaths = (
				"$(DERIVED_FILE_DIR)/Pods-MySwiftTableAppTests-checkManifestLockResult.txt",
			);
			runOnlyForDeploymentPostprocessing = 0;
			shellPath = /bin/sh;
			shellScript = "diff \"${PODS_PODFILE_DIR_PATH}/Podfile.lock\" \"${PODS_ROOT}/Manifest.lock\" > /dev/null\nif [ $? != 0 ] ; then\n    # print error to STDERR\n    echo \"error: The sandbox is not in sync with the Podfile.lock. Run 'pod install' or update your CocoaPods installation.\" >&2\n    exit 1\nfi\n# This output is used by Xcode 'outputs' to avoid re-running this script phase.\necho \"SUCCESS\" > \"${SCRIPT_OUTPUT_FILE_0}\"\n";
			showEnvVarsInLog = 0;
		};
		B2B5E55D34BD6FC14AB26390 /* [CP] Check Pods Manifest.lock */ = {
			isa = PBXShellScriptBuildPhase;
			buildActionMask = 2147483647;
			files = (
			);
			inputFileListPaths = (
			);
			inputPaths = (
				"${PODS_PODFILE_DIR_PATH}/Podfile.lock",
				"${PODS_ROOT}/Manifest.lock",
			);
			name = "[CP] Check Pods Manifest.lock";
			outputFileListPaths = (
			);
			outputPaths = (
				"$(DERIVED_FILE_DIR)/Pods-MySwiftTableApp-MySwiftTableAppUITests-checkManifestLockResult.txt",
			);
			runOnlyForDeploymentPostprocessing = 0;
			shellPath = /bin/sh;
			shellScript = "diff \"${PODS_PODFILE_DIR_PATH}/Podfile.lock\" \"${PODS_ROOT}/Manifest.lock\" > /dev/null\nif [ $? != 0 ] ; then\n    # print error to STDERR\n    echo \"error: The sandbox is not in sync with the Podfile.lock. Run 'pod install' or update your CocoaPods installation.\" >&2\n    exit 1\nfi\n# This output is used by Xcode 'outputs' to avoid re-running this script phase.\necho \"SUCCESS\" > \"${SCRIPT_OUTPUT_FILE_0}\"\n";
			showEnvVarsInLog = 0;
		};
		BE445F68FDD8F9623248655F /* [CP] Embed Pods Frameworks */ = {
			isa = PBXShellScriptBuildPhase;
			buildActionMask = 2147483647;
			files = (
			);
			inputFileListPaths = (
				"${PODS_ROOT}/Target Support Files/Pods-MySwiftTableApp/Pods-MySwiftTableApp-frameworks-${CONFIGURATION}-input-files.xcfilelist",
			);
			name = "[CP] Embed Pods Frameworks";
			outputFileListPaths = (
				"${PODS_ROOT}/Target Support Files/Pods-MySwiftTableApp/Pods-MySwiftTableApp-frameworks-${CONFIGURATION}-output-files.xcfilelist",
			);
			runOnlyForDeploymentPostprocessing = 0;
			shellPath = /bin/sh;
			shellScript = "\"${PODS_ROOT}/Target Support Files/Pods-MySwiftTableApp/Pods-MySwiftTableApp-frameworks.sh\"\n";
			showEnvVarsInLog = 0;
		};
		D7A672C9A85A1712FCC73667 /* [CP] Embed Pods Frameworks */ = {
			isa = PBXShellScriptBuildPhase;
			buildActionMask = 2147483647;
			files = (
			);
			inputFileListPaths = (
				"${PODS_ROOT}/Target Support Files/Pods-MySwiftTableApp-MySwiftTableAppUITests/Pods-MySwiftTableApp-MySwiftTableAppUITests-frameworks-${CONFIGURATION}-input-files.xcfilelist",
			);
			name = "[CP] Embed Pods Frameworks";
			outputFileListPaths = (
				"${PODS_ROOT}/Target Support Files/Pods-MySwiftTableApp-MySwiftTableAppUITests/Pods-MySwiftTableApp-MySwiftTableAppUITests-frameworks-${CONFIGURATION}-output-files.xcfilelist",
			);
			runOnlyForDeploymentPostprocessing = 0;
			shellPath = /bin/sh;
			shellScript = "\"${PODS_ROOT}/Target Support Files/Pods-MySwiftTableApp-MySwiftTableAppUITests/Pods-MySwiftTableApp-MySwiftTableAppUITests-frameworks.sh\"\n";
			showEnvVarsInLog = 0;
		};
		EA176744DAC4BF8C1041BCBF /* [CP] Check Pods Manifest.lock */ = {
			isa = PBXShellScriptBuildPhase;
			buildActionMask = 2147483647;
			files = (
			);
			inputFileListPaths = (
			);
			inputPaths = (
				"${PODS_PODFILE_DIR_PATH}/Podfile.lock",
				"${PODS_ROOT}/Manifest.lock",
			);
			name = "[CP] Check Pods Manifest.lock";
			outputFileListPaths = (
			);
			outputPaths = (
				"$(DERIVED_FILE_DIR)/Pods-MySwiftTableApp-checkManifestLockResult.txt",
			);
			runOnlyForDeploymentPostprocessing = 0;
			shellPath = /bin/sh;
			shellScript = "diff \"${PODS_PODFILE_DIR_PATH}/Podfile.lock\" \"${PODS_ROOT}/Manifest.lock\" > /dev/null\nif [ $? != 0 ] ; then\n    # print error to STDERR\n    echo \"error: The sandbox is not in sync with the Podfile.lock. Run 'pod install' or update your CocoaPods installation.\" >&2\n    exit 1\nfi\n# This output is used by Xcode 'outputs' to avoid re-running this script phase.\necho \"SUCCESS\" > \"${SCRIPT_OUTPUT_FILE_0}\"\n";
			showEnvVarsInLog = 0;
		};
/* End PBXShellScriptBuildPhase section */

/* Begin PBXSourcesBuildPhase section */
		5BCDAFB425C6F61E004C1FF1 /* Sources */ = {
			isa = PBXSourcesBuildPhase;
			buildActionMask = 2147483647;
			files = (
				5B852014260635000066BB53 /* VKAPIGroupsResponse.swift in Sources */,
				5BCDAFC025C6F61E004C1FF1 /* HomeViewController.swift in Sources */,
				5BCDAFEE25C6F6DF004C1FF1 /* ContentCellContants.swift in Sources */,
				5B85201626077D260066BB53 /* WebImageView.swift in Sources */,
				5BCDAFBC25C6F61E004C1FF1 /* AppDelegate.swift in Sources */,
				5B85200C25DC34D70066BB53 /* WallModel.swift in Sources */,
				5BCDAFF325C6F7D3004C1FF1 /* NetworkManager.swift in Sources */,
				5B85200725DB11E10066BB53 /* VKAPIWallResponse.swift in Sources */,
				5BCDAFF025C6F712004C1FF1 /* Post.swift in Sources */,
				5BCDAFBE25C6F61E004C1FF1 /* SceneDelegate.swift in Sources */,
				5BCDAFEC25C6F692004C1FF1 /* ContentCell.swift in Sources */,
				5BCDAFFE25D1D2CF004C1FF1 /* AuthViewController.swift in Sources */,
				5BCDAFFC25D020C8004C1FF1 /* AuthService.swift in Sources */,
				5BCDB00425D46A06004C1FF1 /* VKAPIManager.swift in Sources */,
			);
			runOnlyForDeploymentPostprocessing = 0;
		};
		5BCDAFCA25C6F622004C1FF1 /* Sources */ = {
			isa = PBXSourcesBuildPhase;
			buildActionMask = 2147483647;
			files = (
				5BCDAFD325C6F622004C1FF1 /* MySwiftTableAppTests.swift in Sources */,
			);
			runOnlyForDeploymentPostprocessing = 0;
		};
		5BCDAFD525C6F622004C1FF1 /* Sources */ = {
			isa = PBXSourcesBuildPhase;
			buildActionMask = 2147483647;
			files = (
				5BCDAFDE25C6F622004C1FF1 /* MySwiftTableAppUITests.swift in Sources */,
			);
			runOnlyForDeploymentPostprocessing = 0;
		};
/* End PBXSourcesBuildPhase section */

/* Begin PBXTargetDependency section */
		5BCDAFD025C6F622004C1FF1 /* PBXTargetDependency */ = {
			isa = PBXTargetDependency;
			target = 5BCDAFB725C6F61E004C1FF1 /* MySwiftTableApp */;
			targetProxy = 5BCDAFCF25C6F622004C1FF1 /* PBXContainerItemProxy */;
		};
		5BCDAFDB25C6F622004C1FF1 /* PBXTargetDependency */ = {
			isa = PBXTargetDependency;
			target = 5BCDAFB725C6F61E004C1FF1 /* MySwiftTableApp */;
			targetProxy = 5BCDAFDA25C6F622004C1FF1 /* PBXContainerItemProxy */;
		};
/* End PBXTargetDependency section */

/* Begin PBXVariantGroup section */
		5BCDAFC625C6F622004C1FF1 /* LaunchScreen.storyboard */ = {
			isa = PBXVariantGroup;
			children = (
				5BCDAFC725C6F622004C1FF1 /* Base */,
			);
			name = LaunchScreen.storyboard;
			sourceTree = "<group>";
		};
/* End PBXVariantGroup section */

/* Begin XCBuildConfiguration section */
		5BCDAFE025C6F622004C1FF1 /* Debug */ = {
			isa = XCBuildConfiguration;
			buildSettings = {
				ALWAYS_SEARCH_USER_PATHS = NO;
				CLANG_ANALYZER_NONNULL = YES;
				CLANG_ANALYZER_NUMBER_OBJECT_CONVERSION = YES_AGGRESSIVE;
				CLANG_CXX_LANGUAGE_STANDARD = "gnu++14";
				CLANG_CXX_LIBRARY = "libc++";
				CLANG_ENABLE_MODULES = YES;
				CLANG_ENABLE_OBJC_ARC = YES;
				CLANG_ENABLE_OBJC_WEAK = YES;
				CLANG_WARN_BLOCK_CAPTURE_AUTORELEASING = YES;
				CLANG_WARN_BOOL_CONVERSION = YES;
				CLANG_WARN_COMMA = YES;
				CLANG_WARN_CONSTANT_CONVERSION = YES;
				CLANG_WARN_DEPRECATED_OBJC_IMPLEMENTATIONS = YES;
				CLANG_WARN_DIRECT_OBJC_ISA_USAGE = YES_ERROR;
				CLANG_WARN_DOCUMENTATION_COMMENTS = YES;
				CLANG_WARN_EMPTY_BODY = YES;
				CLANG_WARN_ENUM_CONVERSION = YES;
				CLANG_WARN_INFINITE_RECURSION = YES;
				CLANG_WARN_INT_CONVERSION = YES;
				CLANG_WARN_NON_LITERAL_NULL_CONVERSION = YES;
				CLANG_WARN_OBJC_IMPLICIT_RETAIN_SELF = YES;
				CLANG_WARN_OBJC_LITERAL_CONVERSION = YES;
				CLANG_WARN_OBJC_ROOT_CLASS = YES_ERROR;
				CLANG_WARN_RANGE_LOOP_ANALYSIS = YES;
				CLANG_WARN_STRICT_PROTOTYPES = YES;
				CLANG_WARN_SUSPICIOUS_MOVE = YES;
				CLANG_WARN_UNGUARDED_AVAILABILITY = YES_AGGRESSIVE;
				CLANG_WARN_UNREACHABLE_CODE = YES;
				CLANG_WARN__DUPLICATE_METHOD_MATCH = YES;
				COPY_PHASE_STRIP = NO;
				DEBUG_INFORMATION_FORMAT = dwarf;
				ENABLE_STRICT_OBJC_MSGSEND = YES;
				ENABLE_TESTABILITY = YES;
				GCC_C_LANGUAGE_STANDARD = gnu11;
				GCC_DYNAMIC_NO_PIC = NO;
				GCC_NO_COMMON_BLOCKS = YES;
				GCC_OPTIMIZATION_LEVEL = 0;
				GCC_PREPROCESSOR_DEFINITIONS = (
					"DEBUG=1",
					"$(inherited)",
				);
				GCC_WARN_64_TO_32_BIT_CONVERSION = YES;
				GCC_WARN_ABOUT_RETURN_TYPE = YES_ERROR;
				GCC_WARN_UNDECLARED_SELECTOR = YES;
				GCC_WARN_UNINITIALIZED_AUTOS = YES_AGGRESSIVE;
				GCC_WARN_UNUSED_FUNCTION = YES;
				GCC_WARN_UNUSED_VARIABLE = YES;
				IPHONEOS_DEPLOYMENT_TARGET = 13.6;
				MTL_ENABLE_DEBUG_INFO = INCLUDE_SOURCE;
				MTL_FAST_MATH = YES;
				ONLY_ACTIVE_ARCH = YES;
				SDKROOT = iphoneos;
				SWIFT_ACTIVE_COMPILATION_CONDITIONS = DEBUG;
				SWIFT_OPTIMIZATION_LEVEL = "-Onone";
			};
			name = Debug;
		};
		5BCDAFE125C6F622004C1FF1 /* Release */ = {
			isa = XCBuildConfiguration;
			buildSettings = {
				ALWAYS_SEARCH_USER_PATHS = NO;
				CLANG_ANALYZER_NONNULL = YES;
				CLANG_ANALYZER_NUMBER_OBJECT_CONVERSION = YES_AGGRESSIVE;
				CLANG_CXX_LANGUAGE_STANDARD = "gnu++14";
				CLANG_CXX_LIBRARY = "libc++";
				CLANG_ENABLE_MODULES = YES;
				CLANG_ENABLE_OBJC_ARC = YES;
				CLANG_ENABLE_OBJC_WEAK = YES;
				CLANG_WARN_BLOCK_CAPTURE_AUTORELEASING = YES;
				CLANG_WARN_BOOL_CONVERSION = YES;
				CLANG_WARN_COMMA = YES;
				CLANG_WARN_CONSTANT_CONVERSION = YES;
				CLANG_WARN_DEPRECATED_OBJC_IMPLEMENTATIONS = YES;
				CLANG_WARN_DIRECT_OBJC_ISA_USAGE = YES_ERROR;
				CLANG_WARN_DOCUMENTATION_COMMENTS = YES;
				CLANG_WARN_EMPTY_BODY = YES;
				CLANG_WARN_ENUM_CONVERSION = YES;
				CLANG_WARN_INFINITE_RECURSION = YES;
				CLANG_WARN_INT_CONVERSION = YES;
				CLANG_WARN_NON_LITERAL_NULL_CONVERSION = YES;
				CLANG_WARN_OBJC_IMPLICIT_RETAIN_SELF = YES;
				CLANG_WARN_OBJC_LITERAL_CONVERSION = YES;
				CLANG_WARN_OBJC_ROOT_CLASS = YES_ERROR;
				CLANG_WARN_RANGE_LOOP_ANALYSIS = YES;
				CLANG_WARN_STRICT_PROTOTYPES = YES;
				CLANG_WARN_SUSPICIOUS_MOVE = YES;
				CLANG_WARN_UNGUARDED_AVAILABILITY = YES_AGGRESSIVE;
				CLANG_WARN_UNREACHABLE_CODE = YES;
				CLANG_WARN__DUPLICATE_METHOD_MATCH = YES;
				COPY_PHASE_STRIP = NO;
				DEBUG_INFORMATION_FORMAT = "dwarf-with-dsym";
				ENABLE_NS_ASSERTIONS = NO;
				ENABLE_STRICT_OBJC_MSGSEND = YES;
				GCC_C_LANGUAGE_STANDARD = gnu11;
				GCC_NO_COMMON_BLOCKS = YES;
				GCC_WARN_64_TO_32_BIT_CONVERSION = YES;
				GCC_WARN_ABOUT_RETURN_TYPE = YES_ERROR;
				GCC_WARN_UNDECLARED_SELECTOR = YES;
				GCC_WARN_UNINITIALIZED_AUTOS = YES_AGGRESSIVE;
				GCC_WARN_UNUSED_FUNCTION = YES;
				GCC_WARN_UNUSED_VARIABLE = YES;
				IPHONEOS_DEPLOYMENT_TARGET = 13.6;
				MTL_ENABLE_DEBUG_INFO = NO;
				MTL_FAST_MATH = YES;
				SDKROOT = iphoneos;
				SWIFT_COMPILATION_MODE = wholemodule;
				SWIFT_OPTIMIZATION_LEVEL = "-O";
				VALIDATE_PRODUCT = YES;
			};
			name = Release;
		};
		5BCDAFE325C6F622004C1FF1 /* Debug */ = {
			isa = XCBuildConfiguration;
			baseConfigurationReference = 9E8CF3685DF27D8FFF07C1DF /* Pods-MySwiftTableApp.debug.xcconfig */;
			buildSettings = {
				ASSETCATALOG_COMPILER_APPICON_NAME = AppIcon;
				CODE_SIGN_STYLE = Automatic;
				DEVELOPMENT_TEAM = ZNG295HF53;
				INFOPLIST_FILE = MySwiftTableApp/Info.plist;
				LD_RUNPATH_SEARCH_PATHS = (
					"$(inherited)",
					"@executable_path/Frameworks",
				);
				PRODUCT_BUNDLE_IDENTIFIER = chemicalInc.MySwiftTableApp;
				PRODUCT_NAME = "$(TARGET_NAME)";
				SWIFT_VERSION = 5.0;
				TARGETED_DEVICE_FAMILY = "1,2";
			};
			name = Debug;
		};
		5BCDAFE425C6F622004C1FF1 /* Release */ = {
			isa = XCBuildConfiguration;
			baseConfigurationReference = 8875F5B478D7BD14C31B5055 /* Pods-MySwiftTableApp.release.xcconfig */;
			buildSettings = {
				ASSETCATALOG_COMPILER_APPICON_NAME = AppIcon;
				CODE_SIGN_STYLE = Automatic;
				DEVELOPMENT_TEAM = ZNG295HF53;
				INFOPLIST_FILE = MySwiftTableApp/Info.plist;
				LD_RUNPATH_SEARCH_PATHS = (
					"$(inherited)",
					"@executable_path/Frameworks",
				);
				PRODUCT_BUNDLE_IDENTIFIER = chemicalInc.MySwiftTableApp;
				PRODUCT_NAME = "$(TARGET_NAME)";
				SWIFT_VERSION = 5.0;
				TARGETED_DEVICE_FAMILY = "1,2";
			};
			name = Release;
		};
		5BCDAFE625C6F622004C1FF1 /* Debug */ = {
			isa = XCBuildConfiguration;
			baseConfigurationReference = 294DA2E2AC98811C67E9FCBC /* Pods-MySwiftTableAppTests.debug.xcconfig */;
			buildSettings = {
				ALWAYS_EMBED_SWIFT_STANDARD_LIBRARIES = YES;
				BUNDLE_LOADER = "$(TEST_HOST)";
				CODE_SIGN_STYLE = Automatic;
				DEVELOPMENT_TEAM = ZNG295HF53;
				INFOPLIST_FILE = MySwiftTableAppTests/Info.plist;
				IPHONEOS_DEPLOYMENT_TARGET = 13.6;
				LD_RUNPATH_SEARCH_PATHS = (
					"$(inherited)",
					"@executable_path/Frameworks",
					"@loader_path/Frameworks",
				);
				PRODUCT_BUNDLE_IDENTIFIER = chemicalInc.MySwiftTableAppTests;
				PRODUCT_NAME = "$(TARGET_NAME)";
				SWIFT_VERSION = 5.0;
				TARGETED_DEVICE_FAMILY = "1,2";
				TEST_HOST = "$(BUILT_PRODUCTS_DIR)/MySwiftTableApp.app/MySwiftTableApp";
			};
			name = Debug;
		};
		5BCDAFE725C6F622004C1FF1 /* Release */ = {
			isa = XCBuildConfiguration;
			baseConfigurationReference = 60894597C5E58417C1B06AF2 /* Pods-MySwiftTableAppTests.release.xcconfig */;
			buildSettings = {
				ALWAYS_EMBED_SWIFT_STANDARD_LIBRARIES = YES;
				BUNDLE_LOADER = "$(TEST_HOST)";
				CODE_SIGN_STYLE = Automatic;
				DEVELOPMENT_TEAM = ZNG295HF53;
				INFOPLIST_FILE = MySwiftTableAppTests/Info.plist;
				IPHONEOS_DEPLOYMENT_TARGET = 13.6;
				LD_RUNPATH_SEARCH_PATHS = (
					"$(inherited)",
					"@executable_path/Frameworks",
					"@loader_path/Frameworks",
				);
				PRODUCT_BUNDLE_IDENTIFIER = chemicalInc.MySwiftTableAppTests;
				PRODUCT_NAME = "$(TARGET_NAME)";
				SWIFT_VERSION = 5.0;
				TARGETED_DEVICE_FAMILY = "1,2";
				TEST_HOST = "$(BUILT_PRODUCTS_DIR)/MySwiftTableApp.app/MySwiftTableApp";
			};
			name = Release;
		};
		5BCDAFE925C6F622004C1FF1 /* Debug */ = {
			isa = XCBuildConfiguration;
			baseConfigurationReference = C71314A0A19CEC6873FEC4AD /* Pods-MySwiftTableApp-MySwiftTableAppUITests.debug.xcconfig */;
			buildSettings = {
				ALWAYS_EMBED_SWIFT_STANDARD_LIBRARIES = YES;
				CODE_SIGN_STYLE = Automatic;
				DEVELOPMENT_TEAM = ZNG295HF53;
				INFOPLIST_FILE = MySwiftTableAppUITests/Info.plist;
				LD_RUNPATH_SEARCH_PATHS = (
					"$(inherited)",
					"@executable_path/Frameworks",
					"@loader_path/Frameworks",
				);
				PRODUCT_BUNDLE_IDENTIFIER = chemicalInc.MySwiftTableAppUITests;
				PRODUCT_NAME = "$(TARGET_NAME)";
				SWIFT_VERSION = 5.0;
				TARGETED_DEVICE_FAMILY = "1,2";
				TEST_TARGET_NAME = MySwiftTableApp;
			};
			name = Debug;
		};
		5BCDAFEA25C6F622004C1FF1 /* Release */ = {
			isa = XCBuildConfiguration;
			baseConfigurationReference = 9EA36EBBF194F82C191AE9B7 /* Pods-MySwiftTableApp-MySwiftTableAppUITests.release.xcconfig */;
			buildSettings = {
				ALWAYS_EMBED_SWIFT_STANDARD_LIBRARIES = YES;
				CODE_SIGN_STYLE = Automatic;
				DEVELOPMENT_TEAM = ZNG295HF53;
				INFOPLIST_FILE = MySwiftTableAppUITests/Info.plist;
				LD_RUNPATH_SEARCH_PATHS = (
					"$(inherited)",
					"@executable_path/Frameworks",
					"@loader_path/Frameworks",
				);
				PRODUCT_BUNDLE_IDENTIFIER = chemicalInc.MySwiftTableAppUITests;
				PRODUCT_NAME = "$(TARGET_NAME)";
				SWIFT_VERSION = 5.0;
				TARGETED_DEVICE_FAMILY = "1,2";
				TEST_TARGET_NAME = MySwiftTableApp;
			};
			name = Release;
		};
/* End XCBuildConfiguration section */

/* Begin XCConfigurationList section */
		5BCDAFB325C6F61E004C1FF1 /* Build configuration list for PBXProject "MySwiftTableApp" */ = {
			isa = XCConfigurationList;
			buildConfigurations = (
				5BCDAFE025C6F622004C1FF1 /* Debug */,
				5BCDAFE125C6F622004C1FF1 /* Release */,
			);
			defaultConfigurationIsVisible = 0;
			defaultConfigurationName = Release;
		};
		5BCDAFE225C6F622004C1FF1 /* Build configuration list for PBXNativeTarget "MySwiftTableApp" */ = {
			isa = XCConfigurationList;
			buildConfigurations = (
				5BCDAFE325C6F622004C1FF1 /* Debug */,
				5BCDAFE425C6F622004C1FF1 /* Release */,
			);
			defaultConfigurationIsVisible = 0;
			defaultConfigurationName = Release;
		};
		5BCDAFE525C6F622004C1FF1 /* Build configuration list for PBXNativeTarget "MySwiftTableAppTests" */ = {
			isa = XCConfigurationList;
			buildConfigurations = (
				5BCDAFE625C6F622004C1FF1 /* Debug */,
				5BCDAFE725C6F622004C1FF1 /* Release */,
			);
			defaultConfigurationIsVisible = 0;
			defaultConfigurationName = Release;
		};
		5BCDAFE825C6F622004C1FF1 /* Build configuration list for PBXNativeTarget "MySwiftTableAppUITests" */ = {
			isa = XCConfigurationList;
			buildConfigurations = (
				5BCDAFE925C6F622004C1FF1 /* Debug */,
				5BCDAFEA25C6F622004C1FF1 /* Release */,
			);
			defaultConfigurationIsVisible = 0;
			defaultConfigurationName = Release;
		};
/* End XCConfigurationList section */
	};
	rootObject = 5BCDAFB025C6F61E004C1FF1 /* Project object */;
}
